{
  "name": "dom-aware",
  "version": "0.0.15",
  "lockfileVersion": 2,
  "requires": true,
  "packages": {
    "": {
      "name": "dom-aware",
      "version": "0.0.15",
      "license": "ISC",
      "dependencies": {
        "dom-aware": "^0.0.15"
      }
    },
    "node_modules/dom-aware": {
      "version": "0.0.15",
      "resolved": "https://registry.npmjs.org/dom-aware/-/dom-aware-0.0.15.tgz",
      "integrity": "sha512-0T6oy8bOTa1Si58r9r4+uqtXW7boNr+Jd2CoyYPJRfHQIYiKm1r/KWo83dnaAlSYGH9Dsi+A2zZJ0hce8sGRfw=="
    }
  },
  "dependencies": {
    "dom-aware": {
      "version": "0.0.15",
      "resolved": "https://registry.npmjs.org/dom-aware/-/dom-aware-0.0.15.tgz",
      "integrity": "sha512-0T6oy8bOTa1Si58r9r4+uqtXW7boNr+Jd2CoyYPJRfHQIYiKm1r/KWo83dnaAlSYGH9Dsi+A2zZJ0hce8sGRfw=="
    }
  }
}
